
Microsoft Visual Studio Solution File, Format Version 12.00
# Visual Studio Version 17
VisualStudioVersion = 17.6.33815.320
MinimumVisualStudioVersion = 10.0.40219.1
Project("{FAE04EC0-301F-11D3-BF4B-00C04F79EFBC}") = "Product", "Product.csproj", "{C9C0E463-86D4-4950-8718-D8F8289D7286}"
EndProject
Project("{FAE04EC0-301F-11D3-BF4B-00C04F79EFBC}") = "ProductLibrary", "..\ProductLibrary\ProductLibrary.csproj", "{735C1176-D89D-4027-B80B-3CCFF1D28C74}"
EndProject
Global
	GlobalSection(SolutionConfigurationPlatforms) = preSolution
		Debug|Any CPU = Debug|Any CPU
		Release|Any CPU = Release|Any CPU
	EndGlobalSection
	GlobalSection(ProjectConfigurationPlatforms) = postSolution
		{C9C0E463-86D4-4950-8718-D8F8289D7286}.Debug|Any CPU.ActiveCfg = Debug|Any CPU
		{C9C0E463-86D4-4950-8718-D8F8289D7286}.Debug|Any CPU.Build.0 = Debug|Any CPU
		{C9C0E463-86D4-4950-8718-D8F8289D7286}.Release|Any CPU.ActiveCfg = Release|Any CPU
		{C9C0E463-86D4-4950-8718-D8F8289D7286}.Release|Any CPU.Build.0 = Release|Any CPU
		{735C1176-D89D-4027-B80B-3CCFF1D28C74}.Debug|Any CPU.ActiveCfg = Debug|Any CPU
		{735C1176-D89D-4027-B80B-3CCFF1D28C74}.Debug|Any CPU.Build.0 = Debug|Any CPU
		{735C1176-D89D-4027-B80B-3CCFF1D28C74}.Release|Any CPU.ActiveCfg = Release|Any CPU
		{735C1176-D89D-4027-B80B-3CCFF1D28C74}.Release|Any CPU.Build.0 = Release|Any CPU
	EndGlobalSection
	GlobalSection(SolutionProperties) = preSolution
		HideSolutionNode = FALSE
	EndGlobalSection
	GlobalSection(ExtensibilityGlobals) = postSolution
		SolutionGuid = {59671D10-1421-47CA-B36F-EC7FB902B3DC}
	EndGlobalSection
EndGlobal
